
Microsoft Visual Studio Solution File, Format Version 12.00
# Visual Studio 15
VisualStudioVersion = 15.0.28010.2026
MinimumVisualStudioVersion = 10.0.40219.1
Project("{FAE04EC0-301F-11D3-BF4B-00C04F79EFBC}") = "BaseballGameSimulator", "BaseballGameSimulator\BaseballGameSimulator.csproj", "{04E67820-A5D4-43FA-8FA1-7EE073706622}"
EndProject
Global
	GlobalSection(SolutionConfigurationPlatforms) = preSolution
		Debug|Any CPU = Debug|Any CPU
		Release|Any CPU = Release|Any CPU
	EndGlobalSection
	GlobalSection(ProjectConfigurationPlatforms) = postSolution
		{04E67820-A5D4-43FA-8FA1-7EE073706622}.Debug|Any CPU.ActiveCfg = Debug|Any CPU
		{04E67820-A5D4-43FA-8FA1-7EE073706622}.Debug|Any CPU.Build.0 = Debug|Any CPU
		{04E67820-A5D4-43FA-8FA1-7EE073706622}.Release|Any CPU.ActiveCfg = Release|Any CPU
		{04E67820-A5D4-43FA-8FA1-7EE073706622}.Release|Any CPU.Build.0 = Release|Any CPU
	EndGlobalSection
	GlobalSection(SolutionProperties) = preSolution
		HideSolutionNode = FALSE
	EndGlobalSection
	GlobalSection(ExtensibilityGlobals) = postSolution
		SolutionGuid = {CE430EDC-CB34-4438-84B1-110E2A4DA353}
	EndGlobalSection
EndGlobal
